
Microsoft Visual Studio Solution File, Format Version 12.00
# Visual Studio Version 16
VisualStudioVersion = 16.0.31402.337
MinimumVisualStudioVersion = 10.0.40219.1
Project("{FAE04EC0-301F-11D3-BF4B-00C04F79EFBC}") = "HelloWorld", "BaiTH2\HelloWorld.csproj", "{DA2D8A8D-31C0-4A9B-8E6E-CD0DD02D2B7E}"
EndProject
Project("{FAE04EC0-301F-11D3-BF4B-00C04F79EFBC}") = "TachDay", "TachDay\TachDay.csproj", "{12B35807-5491-4062-97F1-A3E7B917DBBB}"
EndProject
Project("{FAE04EC0-301F-11D3-BF4B-00C04F79EFBC}") = "TinhToan", "TinhToan\TinhToan.csproj", "{6FE54CA0-6B7C-4FA3-AA72-75671231281E}"
EndProject
Project("{FAE04EC0-301F-11D3-BF4B-00C04F79EFBC}") = "CuuChuong", "CuuChuong\CuuChuong.csproj", "{A7CB511A-EC96-4696-A493-245D834B5ACD}"
EndProject
Project("{FAE04EC0-301F-11D3-BF4B-00C04F79EFBC}") = "DanhSach", "DanhSach\DanhSach.csproj", "{8C9BBC24-A4B1-472F-9467-DCEAB2BC295F}"
EndProject
Global
	GlobalSection(SolutionConfigurationPlatforms) = preSolution
		Debug|Any CPU = Debug|Any CPU
		Release|Any CPU = Release|Any CPU
	EndGlobalSection
	GlobalSection(ProjectConfigurationPlatforms) = postSolution
		{DA2D8A8D-31C0-4A9B-8E6E-CD0DD02D2B7E}.Debug|Any CPU.ActiveCfg = Debug|Any CPU
		{DA2D8A8D-31C0-4A9B-8E6E-CD0DD02D2B7E}.Debug|Any CPU.Build.0 = Debug|Any CPU
		{DA2D8A8D-31C0-4A9B-8E6E-CD0DD02D2B7E}.Release|Any CPU.ActiveCfg = Release|Any CPU
		{DA2D8A8D-31C0-4A9B-8E6E-CD0DD02D2B7E}.Release|Any CPU.Build.0 = Release|Any CPU
		{12B35807-5491-4062-97F1-A3E7B917DBBB}.Debug|Any CPU.ActiveCfg = Debug|Any CPU
		{12B35807-5491-4062-97F1-A3E7B917DBBB}.Debug|Any CPU.Build.0 = Debug|Any CPU
		{12B35807-5491-4062-97F1-A3E7B917DBBB}.Release|Any CPU.ActiveCfg = Release|Any CPU
		{12B35807-5491-4062-97F1-A3E7B917DBBB}.Release|Any CPU.Build.0 = Release|Any CPU
		{6FE54CA0-6B7C-4FA3-AA72-75671231281E}.Debug|Any CPU.ActiveCfg = Debug|Any CPU
		{6FE54CA0-6B7C-4FA3-AA72-75671231281E}.Debug|Any CPU.Build.0 = Debug|Any CPU
		{6FE54CA0-6B7C-4FA3-AA72-75671231281E}.Release|Any CPU.ActiveCfg = Release|Any CPU
		{6FE54CA0-6B7C-4FA3-AA72-75671231281E}.Release|Any CPU.Build.0 = Release|Any CPU
		{A7CB511A-EC96-4696-A493-245D834B5ACD}.Debug|Any CPU.ActiveCfg = Debug|Any CPU
		{A7CB511A-EC96-4696-A493-245D834B5ACD}.Debug|Any CPU.Build.0 = Debug|Any CPU
		{A7CB511A-EC96-4696-A493-245D834B5ACD}.Release|Any CPU.ActiveCfg = Release|Any CPU
		{A7CB511A-EC96-4696-A493-245D834B5ACD}.Release|Any CPU.Build.0 = Release|Any CPU
		{8C9BBC24-A4B1-472F-9467-DCEAB2BC295F}.Debug|Any CPU.ActiveCfg = Debug|Any CPU
		{8C9BBC24-A4B1-472F-9467-DCEAB2BC295F}.Debug|Any CPU.Build.0 = Debug|Any CPU
		{8C9BBC24-A4B1-472F-9467-DCEAB2BC295F}.Release|Any CPU.ActiveCfg = Release|Any CPU
		{8C9BBC24-A4B1-472F-9467-DCEAB2BC295F}.Release|Any CPU.Build.0 = Release|Any CPU
	EndGlobalSection
	GlobalSection(SolutionProperties) = preSolution
		HideSolutionNode = FALSE
	EndGlobalSection
	GlobalSection(ExtensibilityGlobals) = postSolution
		SolutionGuid = {E4E11391-1A62-4FAD-A07A-655BE2AD3E83}
	EndGlobalSection
EndGlobal
